{
  "name": "domain-identity-visa-types",
  "version": "1.0.0",
  "lockfileVersion": 1,
  "requires": true,
  "dependencies": {
    "@byu-oit/byuapi": {
      "version": "0.0.13",
      "resolved": "https://registry.npmjs.org/@byu-oit/byuapi/-/byuapi-0.0.13.tgz",
      "integrity": "sha512-5icds7f8g1CsVAPUynC+wMQXmtA/e9/TCPDnrtx+saEh9h+ouk1O0VRMWsLlx4Bqw70cvlfgRhRLosfnRL2UuA==",
      "requires": {
        "sans-server": "1.5.1",
        "sans-server-aws-lambda": "0.0.3",
        "sans-server-express": "0.0.3",
        "sans-server-swagger": "0.3.11"
      }
    },
    "argparse": {
      "version": "1.0.9",
      "resolved": "https://registry.npmjs.org/argparse/-/argparse-1.0.9.tgz",
      "integrity": "sha1-c9g7wmP4bpf4zE9rrhsOkKfSLIY=",
      "requires": {
        "sprintf-js": "1.0.3"
      }
    },
    "binary-case": {
      "version": "1.1.3",
      "resolved": "https://registry.npmjs.org/binary-case/-/binary-case-1.1.3.tgz",
      "integrity": "sha1-+R0OMAjx+w9AQ9ZZRSLWbW0chAk="
    },
    "call-me-maybe": {
      "version": "1.0.1",
      "resolved": "https://registry.npmjs.org/call-me-maybe/-/call-me-maybe-1.0.1.tgz",
      "integrity": "sha1-JtII6onje1y95gJQoV8DHBak1ms="
    },
    "commander": {
      "version": "2.12.2",
      "resolved": "https://registry.npmjs.org/commander/-/commander-2.12.2.tgz",
      "integrity": "sha512-BFnaq5ZOGcDN7FlrtBT4xxkgIToalIIxwjxLWVJ8bGTpe1LroqMiqQXdA7ygc7CRvaYS+9zfPGFnJqFSayx+AA==",
      "optional": true
    },
    "cookie": {
      "version": "0.3.1",
      "resolved": "https://registry.npmjs.org/cookie/-/cookie-0.3.1.tgz",
      "integrity": "sha1-5+Ch+e9DtMi6klxcWpboBtFoc7s="
    },
    "debug": {
      "version": "2.6.9",
      "resolved": "https://registry.npmjs.org/debug/-/debug-2.6.9.tgz",
      "integrity": "sha512-bC7ElrdJaJnPbAP+1EotYvqZsb3ecl5wi6Bfi6BJTUcNowp6cvspg0jXznRTKDjm/E7AdgFBVeAPVMNcKGsHMA==",
      "requires": {
        "ms": "2.0.0"
      }
    },
    "es6-promise": {
      "version": "3.3.1",
      "resolved": "https://registry.npmjs.org/es6-promise/-/es6-promise-3.3.1.tgz",
      "integrity": "sha1-oIzd6EzNvzTQJ6FFG8kdS80ophM="
    },
    "esprima": {
      "version": "4.0.0",
      "resolved": "https://registry.npmjs.org/esprima/-/esprima-4.0.0.tgz",
      "integrity": "sha512-oftTcaMu/EGrEIu904mWteKIv8vMuOgGYo7EhVJJN00R/EED9DCua/xxHRdYnKtcECzVg7xOWhflvJMnqcFZjw=="
    },
    "fully-typed": {
      "version": "1.1.3",
      "resolved": "https://registry.npmjs.org/fully-typed/-/fully-typed-1.1.3.tgz",
      "integrity": "sha1-t+1EnhHK0dEK7XF2f4f+dWP4lL0="
    },
    "http-status": {
      "version": "0.2.5",
      "resolved": "https://registry.npmjs.org/http-status/-/http-status-0.2.5.tgz",
      "integrity": "sha1-l2+RB36nv8FSd8vPjIDE1cUbSbA="
    },
    "js-yaml": {
      "version": "3.10.0",
      "resolved": "https://registry.npmjs.org/js-yaml/-/js-yaml-3.10.0.tgz",
      "integrity": "sha512-O2v52ffjLa9VeM43J4XocZE//WT9N0IiwDa3KSHH7Tu8CtH+1qM8SIZvnsTh6v+4yFy5KUY3BHUVwjpfAWsjIA==",
      "requires": {
        "argparse": "1.0.9",
        "esprima": "4.0.0"
      }
    },
    "lodash.get": {
      "version": "4.4.2",
      "resolved": "https://registry.npmjs.org/lodash.get/-/lodash.get-4.4.2.tgz",
      "integrity": "sha1-LRd/ZS+jHpObRDjVNBSZ36OCXpk="
    },
    "lodash.isequal": {
      "version": "4.5.0",
      "resolved": "https://registry.npmjs.org/lodash.isequal/-/lodash.isequal-4.5.0.tgz",
      "integrity": "sha1-QVxEePK8wwEgwizhDtMib30+GOA="
    },
    "ms": {
      "version": "2.0.0",
      "resolved": "https://registry.npmjs.org/ms/-/ms-2.0.0.tgz",
      "integrity": "sha1-VgiurfwAvmwpAd9fmGF4jeDVl8g="
    },
    "ono": {
      "version": "2.2.5",
      "resolved": "https://registry.npmjs.org/ono/-/ono-2.2.5.tgz",
      "integrity": "sha1-2vCUiLURdNp6fkJ136sxtDj/oOM="
    },
    "sans-server": {
      "version": "1.5.1",
      "resolved": "https://registry.npmjs.org/sans-server/-/sans-server-1.5.1.tgz",
      "integrity": "sha512-bDr3vtYgLztrBruz2oadK+04hh037MYa10yA39u6vGW/gtRXNn+0V4VZ27Jj+VEovNhm5oZsttLYAssoT8IwLA==",
      "requires": {
        "cookie": "0.3.1",
        "fully-typed": "1.1.3",
        "http-status": "0.2.5",
        "uuid": "3.1.0"
      }
    },
    "sans-server-aws-lambda": {
      "version": "0.0.3",
      "resolved": "https://registry.npmjs.org/sans-server-aws-lambda/-/sans-server-aws-lambda-0.0.3.tgz",
      "integrity": "sha1-AVp0/5dTK+GJihTL5cL30HL717I=",
      "requires": {
        "binary-case": "1.1.3"
      }
    },
    "sans-server-express": {
      "version": "0.0.3",
      "resolved": "https://registry.npmjs.org/sans-server-express/-/sans-server-express-0.0.3.tgz",
      "integrity": "sha1-QDRklS/Wr0dXTCE2LedeBOTuXqI="
    },
    "sans-server-router": {
      "version": "1.0.0",
      "resolved": "https://registry.npmjs.org/sans-server-router/-/sans-server-router-1.0.0.tgz",
      "integrity": "sha1-v6vLc9GbUHnX2cLbj97tdWPTl4k="
    },
    "sans-server-swagger": {
      "version": "0.3.11",
      "resolved": "https://registry.npmjs.org/sans-server-swagger/-/sans-server-swagger-0.3.11.tgz",
      "integrity": "sha512-gnaQ7JDipj2vsobZpMYdv/6/TOfJy/OxNYTBJipiSYbsLN8DO9iw0/b7JYxBk1QGfe6v2gphm4zLZd2NRofXEw==",
      "requires": {
        "fully-typed": "1.1.3",
        "js-yaml": "3.10.0",
        "json-schema-ref-parser": "github:byu-oit/json-schema-ref-parser#542ba74976dd4166731f913446e9e3c030200c11",
        "sans-server-router": "1.0.0",
        "swagger-enforcer": "1.3.11"
      },
      "dependencies": {
        "json-schema-ref-parser": {
          "version": "github:byu-oit/json-schema-ref-parser#542ba74976dd4166731f913446e9e3c030200c11",
          "requires": {
            "call-me-maybe": "1.0.1",
            "debug": "2.6.9",
            "es6-promise": "3.3.1",
            "js-yaml": "3.10.0",
            "ono": "2.2.5",
            "z-schema": "3.19.0"
          }
        }
      }
    },
    "sprintf-js": {
      "version": "1.0.3",
      "resolved": "https://registry.npmjs.org/sprintf-js/-/sprintf-js-1.0.3.tgz",
      "integrity": "sha1-BOaSb2YolTVPPdAVIDYzuFcpfiw="
    },
    "swagger-enforcer": {
      "version": "1.3.11",
      "resolved": "https://registry.npmjs.org/swagger-enforcer/-/swagger-enforcer-1.3.11.tgz",
      "integrity": "sha512-PNyNtYWAOdrw79coOsxmSYMX/EP4ZWG6ZufV7iKKvh6R0X576sRDrF4eZweK8fJfJ2VMsMsWchWMswoRoZaW9Q==",
      "requires": {
        "fully-typed": "1.1.3"
      }
    },
    "uuid": {
      "version": "3.1.0",
      "resolved": "https://registry.npmjs.org/uuid/-/uuid-3.1.0.tgz",
      "integrity": "sha512-DIWtzUkw04M4k3bf1IcpS2tngXEL26YUD2M0tMDUpnUrz2hgzUBlD55a4FjdLGPvfHxS6uluGWvaVEqgBcVa+g=="
    },
    "validator": {
      "version": "9.1.2",
      "resolved": "https://registry.npmjs.org/validator/-/validator-9.1.2.tgz",
      "integrity": "sha512-1Tml6crNdsSC61jHssWksQxq6C7MmSFCCmf99Eb+l/V/cwVlw4/Pg3YXBP1WKcHLsyqe3E+iJXUZgoTTQFcqQg=="
    },
    "z-schema": {
      "version": "3.19.0",
      "resolved": "https://registry.npmjs.org/z-schema/-/z-schema-3.19.0.tgz",
      "integrity": "sha512-V94f3ODuluBS4kQLLjNhwoMek0dyIXCsvNu/A17dAyJ6sMhT5KkJQwSn07R0naByLIXJWMDk+ruMfI/3G3hS4Q==",
      "requires": {
        "commander": "2.12.2",
        "lodash.get": "4.4.2",
        "lodash.isequal": "4.5.0",
        "validator": "9.1.2"
      }
    }
  }
}
